
Microsoft Visual Studio Solution File, Format Version 12.00
# Visual Studio Version 16
VisualStudioVersion = 16.0.809.9
MinimumVisualStudioVersion = 10.0.40219.1
Project("{FAE04EC0-301F-11D3-BF4B-00C04F79EFBC}") = "Barcode", "Barcode.csproj", "{6CE3BA5C-B3CF-496F-BB5D-9EF487D59586}"
EndProject
Global
	GlobalSection(SolutionConfigurationPlatforms) = preSolution
		Debug|Any CPU = Debug|Any CPU
		Release|Any CPU = Release|Any CPU
	EndGlobalSection
	GlobalSection(ProjectConfigurationPlatforms) = postSolution
		{6CE3BA5C-B3CF-496F-BB5D-9EF487D59586}.Debug|Any CPU.ActiveCfg = Debug|Any CPU
		{6CE3BA5C-B3CF-496F-BB5D-9EF487D59586}.Debug|Any CPU.Build.0 = Debug|Any CPU
		{6CE3BA5C-B3CF-496F-BB5D-9EF487D59586}.Release|Any CPU.ActiveCfg = Release|Any CPU
		{6CE3BA5C-B3CF-496F-BB5D-9EF487D59586}.Release|Any CPU.Build.0 = Release|Any CPU
	EndGlobalSection
	GlobalSection(SolutionProperties) = preSolution
		HideSolutionNode = FALSE
	EndGlobalSection
	GlobalSection(ExtensibilityGlobals) = postSolution
		SolutionGuid = {0F80BE1B-680E-414D-A2C2-44FC2C455AE2}
	EndGlobalSection
EndGlobal
